
Microsoft Visual Studio Solution File, Format Version 12.00
# Visual Studio Version 17
VisualStudioVersion = 17.0.31903.59
MinimumVisualStudioVersion = 10.0.40219.1
Project("{FAE04EC0-301F-11D3-BF4B-00C04F79EFBC}") = "MedianOfTwoSorted", "MedianOfTwoSorted\MedianOfTwoSorted.csproj", "{25BEA8D7-9C55-42E3-9FED-F0B450CFF9E4}"
EndProject
Project("{FAE04EC0-301F-11D3-BF4B-00C04F79EFBC}") = "SlidingTechnique", "SlidingTechnique\SlidingTechnique.csproj", "{53310B79-FF53-4C31-9B84-B917C14E9823}"
EndProject
Project("{FAE04EC0-301F-11D3-BF4B-00C04F79EFBC}") = "LongestPalindromicSub", "LongestPalindromicSub\LongestPalindromicSub.csproj", "{A553E43A-4D3F-4B43-9DDE-C90F5088CFC8}"
EndProject
Project("{FAE04EC0-301F-11D3-BF4B-00C04F79EFBC}") = "ZigZagConversion", "ZigZagConversion\ZigZagConversion.csproj", "{3C802D57-3D9E-4A23-92FA-B1341EBF701B}"
EndProject
Project("{FAE04EC0-301F-11D3-BF4B-00C04F79EFBC}") = "ReverseInteger", "ReverseInteger\ReverseInteger.csproj", "{4FE676A5-0BCC-46B1-AD03-0EFECE0850C4}"
EndProject
Project("{FAE04EC0-301F-11D3-BF4B-00C04F79EFBC}") = "StringToIntegerAtoi", "StringToIntegerAtoi\StringToIntegerAtoi.csproj", "{BBF3FB21-5007-4532-BDCB-17C46967A994}"
EndProject
Project("{FAE04EC0-301F-11D3-BF4B-00C04F79EFBC}") = "PalindromeNumber", "PalindromeNumber\PalindromeNumber.csproj", "{D6E347C4-1332-4A2B-8546-FE0B5F4CFDD1}"
EndProject
Project("{FAE04EC0-301F-11D3-BF4B-00C04F79EFBC}") = "RegularExpressionMatching", "RegularExpressionMatching\RegularExpressionMatching.csproj", "{79DFA09F-E104-47AF-9EBE-EABC0BC908ED}"
EndProject
Project("{FAE04EC0-301F-11D3-BF4B-00C04F79EFBC}") = "ContainerWithMostWater", "ContainerWithMostWater\ContainerWithMostWater.csproj", "{7B812046-503D-4775-8164-5B7C8B1F0E31}"
EndProject
Project("{FAE04EC0-301F-11D3-BF4B-00C04F79EFBC}") = "RomanToInteger", "RomanToInteger\RomanToInteger.csproj", "{2056B016-E6A4-49F9-8797-3AEA77B8BA9F}"
EndProject
Project("{FAE04EC0-301F-11D3-BF4B-00C04F79EFBC}") = "LongestCommonPrefix", "LongestCommonPrefix\LongestCommonPrefix.csproj", "{705C4D30-EEFE-427D-A220-EF57DFD547B8}"
EndProject
Project("{FAE04EC0-301F-11D3-BF4B-00C04F79EFBC}") = "ThreeSum", "ThreeSum\ThreeSum.csproj", "{344E2917-4EA1-410D-8B47-3C5CE7979AF9}"
EndProject
Project("{FAE04EC0-301F-11D3-BF4B-00C04F79EFBC}") = "ThreeSumClosest", "ThreeSumClosest\ThreeSumClosest.csproj", "{7FA3FA92-E854-4392-BDF4-097FC70A099E}"
EndProject
Project("{FAE04EC0-301F-11D3-BF4B-00C04F79EFBC}") = "IntegerToRoman", "IntegerToRoman\IntegerToRoman.csproj", "{0F5A66C1-E2DD-43DF-96CA-20259AFB393C}"
EndProject
Project("{FAE04EC0-301F-11D3-BF4B-00C04F79EFBC}") = "LetterCombinationsOfAPhoneNumber", "LetterCombinationsOfAPhoneNumber\LetterCombinationsOfAPhoneNumber.csproj", "{61BE787F-DCC4-44D3-B3D9-D4308C7E13D9}"
EndProject
Project("{FAE04EC0-301F-11D3-BF4B-00C04F79EFBC}") = "4Sum", "4Sum\4Sum.csproj", "{1FF649C3-61D8-4F11-9795-EB7893D042C1}"
EndProject
Project("{FAE04EC0-301F-11D3-BF4B-00C04F79EFBC}") = "RemoveNthFromEnd", "RemoveNthFromEnd\RemoveNthFromEnd.csproj", "{AAECA72B-7E5E-4DD3-850E-1B1AE0F333C8}"
EndProject
Project("{FAE04EC0-301F-11D3-BF4B-00C04F79EFBC}") = "ValidParentheses", "ValidParentheses\ValidParentheses.csproj", "{D59C9F67-85EF-40B1-BD9B-B445B2CBDD8D}"
EndProject
Project("{FAE04EC0-301F-11D3-BF4B-00C04F79EFBC}") = "MergeTwoSortedLists", "MergeTwoSortedLists\MergeTwoSortedLists.csproj", "{78450506-6F8F-422F-A52A-ACB66263C0C4}"
EndProject
Project("{FAE04EC0-301F-11D3-BF4B-00C04F79EFBC}") = "GenerateParentheses", "GenerateParentheses\GenerateParentheses.csproj", "{C758763C-5125-4998-8FAF-83BBCDEC3AF5}"
EndProject
Project("{FAE04EC0-301F-11D3-BF4B-00C04F79EFBC}") = "MergeKSortedLists", "MergeKSortedLists\MergeKSortedLists.csproj", "{C906F3A1-AF51-4CD5-952E-0C1E8B851A42}"
EndProject
Global
	GlobalSection(SolutionConfigurationPlatforms) = preSolution
		Debug|Any CPU = Debug|Any CPU
		Debug|x64 = Debug|x64
		Debug|x86 = Debug|x86
		Release|Any CPU = Release|Any CPU
		Release|x64 = Release|x64
		Release|x86 = Release|x86
	EndGlobalSection
	GlobalSection(ProjectConfigurationPlatforms) = postSolution
		{25BEA8D7-9C55-42E3-9FED-F0B450CFF9E4}.Debug|Any CPU.ActiveCfg = Debug|Any CPU
		{25BEA8D7-9C55-42E3-9FED-F0B450CFF9E4}.Debug|Any CPU.Build.0 = Debug|Any CPU
		{25BEA8D7-9C55-42E3-9FED-F0B450CFF9E4}.Debug|x64.ActiveCfg = Debug|Any CPU
		{25BEA8D7-9C55-42E3-9FED-F0B450CFF9E4}.Debug|x64.Build.0 = Debug|Any CPU
		{25BEA8D7-9C55-42E3-9FED-F0B450CFF9E4}.Debug|x86.ActiveCfg = Debug|Any CPU
		{25BEA8D7-9C55-42E3-9FED-F0B450CFF9E4}.Debug|x86.Build.0 = Debug|Any CPU
		{25BEA8D7-9C55-42E3-9FED-F0B450CFF9E4}.Release|Any CPU.ActiveCfg = Release|Any CPU
		{25BEA8D7-9C55-42E3-9FED-F0B450CFF9E4}.Release|Any CPU.Build.0 = Release|Any CPU
		{25BEA8D7-9C55-42E3-9FED-F0B450CFF9E4}.Release|x64.ActiveCfg = Release|Any CPU
		{25BEA8D7-9C55-42E3-9FED-F0B450CFF9E4}.Release|x64.Build.0 = Release|Any CPU
		{25BEA8D7-9C55-42E3-9FED-F0B450CFF9E4}.Release|x86.ActiveCfg = Release|Any CPU
		{25BEA8D7-9C55-42E3-9FED-F0B450CFF9E4}.Release|x86.Build.0 = Release|Any CPU
		{53310B79-FF53-4C31-9B84-B917C14E9823}.Debug|Any CPU.ActiveCfg = Debug|Any CPU
		{53310B79-FF53-4C31-9B84-B917C14E9823}.Debug|Any CPU.Build.0 = Debug|Any CPU
		{53310B79-FF53-4C31-9B84-B917C14E9823}.Debug|x64.ActiveCfg = Debug|Any CPU
		{53310B79-FF53-4C31-9B84-B917C14E9823}.Debug|x64.Build.0 = Debug|Any CPU
		{53310B79-FF53-4C31-9B84-B917C14E9823}.Debug|x86.ActiveCfg = Debug|Any CPU
		{53310B79-FF53-4C31-9B84-B917C14E9823}.Debug|x86.Build.0 = Debug|Any CPU
		{53310B79-FF53-4C31-9B84-B917C14E9823}.Release|Any CPU.ActiveCfg = Release|Any CPU
		{53310B79-FF53-4C31-9B84-B917C14E9823}.Release|Any CPU.Build.0 = Release|Any CPU
		{53310B79-FF53-4C31-9B84-B917C14E9823}.Release|x64.ActiveCfg = Release|Any CPU
		{53310B79-FF53-4C31-9B84-B917C14E9823}.Release|x64.Build.0 = Release|Any CPU
		{53310B79-FF53-4C31-9B84-B917C14E9823}.Release|x86.ActiveCfg = Release|Any CPU
		{53310B79-FF53-4C31-9B84-B917C14E9823}.Release|x86.Build.0 = Release|Any CPU
		{A553E43A-4D3F-4B43-9DDE-C90F5088CFC8}.Debug|Any CPU.ActiveCfg = Debug|Any CPU
		{A553E43A-4D3F-4B43-9DDE-C90F5088CFC8}.Debug|Any CPU.Build.0 = Debug|Any CPU
		{A553E43A-4D3F-4B43-9DDE-C90F5088CFC8}.Debug|x64.ActiveCfg = Debug|Any CPU
		{A553E43A-4D3F-4B43-9DDE-C90F5088CFC8}.Debug|x64.Build.0 = Debug|Any CPU
		{A553E43A-4D3F-4B43-9DDE-C90F5088CFC8}.Debug|x86.ActiveCfg = Debug|Any CPU
		{A553E43A-4D3F-4B43-9DDE-C90F5088CFC8}.Debug|x86.Build.0 = Debug|Any CPU
		{A553E43A-4D3F-4B43-9DDE-C90F5088CFC8}.Release|Any CPU.ActiveCfg = Release|Any CPU
		{A553E43A-4D3F-4B43-9DDE-C90F5088CFC8}.Release|Any CPU.Build.0 = Release|Any CPU
		{A553E43A-4D3F-4B43-9DDE-C90F5088CFC8}.Release|x64.ActiveCfg = Release|Any CPU
		{A553E43A-4D3F-4B43-9DDE-C90F5088CFC8}.Release|x64.Build.0 = Release|Any CPU
		{A553E43A-4D3F-4B43-9DDE-C90F5088CFC8}.Release|x86.ActiveCfg = Release|Any CPU
		{A553E43A-4D3F-4B43-9DDE-C90F5088CFC8}.Release|x86.Build.0 = Release|Any CPU
		{3C802D57-3D9E-4A23-92FA-B1341EBF701B}.Debug|Any CPU.ActiveCfg = Debug|Any CPU
		{3C802D57-3D9E-4A23-92FA-B1341EBF701B}.Debug|Any CPU.Build.0 = Debug|Any CPU
		{3C802D57-3D9E-4A23-92FA-B1341EBF701B}.Debug|x64.ActiveCfg = Debug|Any CPU
		{3C802D57-3D9E-4A23-92FA-B1341EBF701B}.Debug|x64.Build.0 = Debug|Any CPU
		{3C802D57-3D9E-4A23-92FA-B1341EBF701B}.Debug|x86.ActiveCfg = Debug|Any CPU
		{3C802D57-3D9E-4A23-92FA-B1341EBF701B}.Debug|x86.Build.0 = Debug|Any CPU
		{3C802D57-3D9E-4A23-92FA-B1341EBF701B}.Release|Any CPU.ActiveCfg = Release|Any CPU
		{3C802D57-3D9E-4A23-92FA-B1341EBF701B}.Release|Any CPU.Build.0 = Release|Any CPU
		{3C802D57-3D9E-4A23-92FA-B1341EBF701B}.Release|x64.ActiveCfg = Release|Any CPU
		{3C802D57-3D9E-4A23-92FA-B1341EBF701B}.Release|x64.Build.0 = Release|Any CPU
		{3C802D57-3D9E-4A23-92FA-B1341EBF701B}.Release|x86.ActiveCfg = Release|Any CPU
		{3C802D57-3D9E-4A23-92FA-B1341EBF701B}.Release|x86.Build.0 = Release|Any CPU
		{4FE676A5-0BCC-46B1-AD03-0EFECE0850C4}.Debug|Any CPU.ActiveCfg = Debug|Any CPU
		{4FE676A5-0BCC-46B1-AD03-0EFECE0850C4}.Debug|Any CPU.Build.0 = Debug|Any CPU
		{4FE676A5-0BCC-46B1-AD03-0EFECE0850C4}.Debug|x64.ActiveCfg = Debug|Any CPU
		{4FE676A5-0BCC-46B1-AD03-0EFECE0850C4}.Debug|x64.Build.0 = Debug|Any CPU
		{4FE676A5-0BCC-46B1-AD03-0EFECE0850C4}.Debug|x86.ActiveCfg = Debug|Any CPU
		{4FE676A5-0BCC-46B1-AD03-0EFECE0850C4}.Debug|x86.Build.0 = Debug|Any CPU
		{4FE676A5-0BCC-46B1-AD03-0EFECE0850C4}.Release|Any CPU.ActiveCfg = Release|Any CPU
		{4FE676A5-0BCC-46B1-AD03-0EFECE0850C4}.Release|Any CPU.Build.0 = Release|Any CPU
		{4FE676A5-0BCC-46B1-AD03-0EFECE0850C4}.Release|x64.ActiveCfg = Release|Any CPU
		{4FE676A5-0BCC-46B1-AD03-0EFECE0850C4}.Release|x64.Build.0 = Release|Any CPU
		{4FE676A5-0BCC-46B1-AD03-0EFECE0850C4}.Release|x86.ActiveCfg = Release|Any CPU
		{4FE676A5-0BCC-46B1-AD03-0EFECE0850C4}.Release|x86.Build.0 = Release|Any CPU
		{BBF3FB21-5007-4532-BDCB-17C46967A994}.Debug|Any CPU.ActiveCfg = Debug|Any CPU
		{BBF3FB21-5007-4532-BDCB-17C46967A994}.Debug|Any CPU.Build.0 = Debug|Any CPU
		{BBF3FB21-5007-4532-BDCB-17C46967A994}.Debug|x64.ActiveCfg = Debug|Any CPU
		{BBF3FB21-5007-4532-BDCB-17C46967A994}.Debug|x64.Build.0 = Debug|Any CPU
		{BBF3FB21-5007-4532-BDCB-17C46967A994}.Debug|x86.ActiveCfg = Debug|Any CPU
		{BBF3FB21-5007-4532-BDCB-17C46967A994}.Debug|x86.Build.0 = Debug|Any CPU
		{BBF3FB21-5007-4532-BDCB-17C46967A994}.Release|Any CPU.ActiveCfg = Release|Any CPU
		{BBF3FB21-5007-4532-BDCB-17C46967A994}.Release|Any CPU.Build.0 = Release|Any CPU
		{BBF3FB21-5007-4532-BDCB-17C46967A994}.Release|x64.ActiveCfg = Release|Any CPU
		{BBF3FB21-5007-4532-BDCB-17C46967A994}.Release|x64.Build.0 = Release|Any CPU
		{BBF3FB21-5007-4532-BDCB-17C46967A994}.Release|x86.ActiveCfg = Release|Any CPU
		{BBF3FB21-5007-4532-BDCB-17C46967A994}.Release|x86.Build.0 = Release|Any CPU
		{D6E347C4-1332-4A2B-8546-FE0B5F4CFDD1}.Debug|Any CPU.ActiveCfg = Debug|Any CPU
		{D6E347C4-1332-4A2B-8546-FE0B5F4CFDD1}.Debug|Any CPU.Build.0 = Debug|Any CPU
		{D6E347C4-1332-4A2B-8546-FE0B5F4CFDD1}.Debug|x64.ActiveCfg = Debug|Any CPU
		{D6E347C4-1332-4A2B-8546-FE0B5F4CFDD1}.Debug|x64.Build.0 = Debug|Any CPU
		{D6E347C4-1332-4A2B-8546-FE0B5F4CFDD1}.Debug|x86.ActiveCfg = Debug|Any CPU
		{D6E347C4-1332-4A2B-8546-FE0B5F4CFDD1}.Debug|x86.Build.0 = Debug|Any CPU
		{D6E347C4-1332-4A2B-8546-FE0B5F4CFDD1}.Release|Any CPU.ActiveCfg = Release|Any CPU
		{D6E347C4-1332-4A2B-8546-FE0B5F4CFDD1}.Release|Any CPU.Build.0 = Release|Any CPU
		{D6E347C4-1332-4A2B-8546-FE0B5F4CFDD1}.Release|x64.ActiveCfg = Release|Any CPU
		{D6E347C4-1332-4A2B-8546-FE0B5F4CFDD1}.Release|x64.Build.0 = Release|Any CPU
		{D6E347C4-1332-4A2B-8546-FE0B5F4CFDD1}.Release|x86.ActiveCfg = Release|Any CPU
		{D6E347C4-1332-4A2B-8546-FE0B5F4CFDD1}.Release|x86.Build.0 = Release|Any CPU
		{79DFA09F-E104-47AF-9EBE-EABC0BC908ED}.Debug|Any CPU.ActiveCfg = Debug|Any CPU
		{79DFA09F-E104-47AF-9EBE-EABC0BC908ED}.Debug|Any CPU.Build.0 = Debug|Any CPU
		{79DFA09F-E104-47AF-9EBE-EABC0BC908ED}.Debug|x64.ActiveCfg = Debug|Any CPU
		{79DFA09F-E104-47AF-9EBE-EABC0BC908ED}.Debug|x64.Build.0 = Debug|Any CPU
		{79DFA09F-E104-47AF-9EBE-EABC0BC908ED}.Debug|x86.ActiveCfg = Debug|Any CPU
		{79DFA09F-E104-47AF-9EBE-EABC0BC908ED}.Debug|x86.Build.0 = Debug|Any CPU
		{79DFA09F-E104-47AF-9EBE-EABC0BC908ED}.Release|Any CPU.ActiveCfg = Release|Any CPU
		{79DFA09F-E104-47AF-9EBE-EABC0BC908ED}.Release|Any CPU.Build.0 = Release|Any CPU
		{79DFA09F-E104-47AF-9EBE-EABC0BC908ED}.Release|x64.ActiveCfg = Release|Any CPU
		{79DFA09F-E104-47AF-9EBE-EABC0BC908ED}.Release|x64.Build.0 = Release|Any CPU
		{79DFA09F-E104-47AF-9EBE-EABC0BC908ED}.Release|x86.ActiveCfg = Release|Any CPU
		{79DFA09F-E104-47AF-9EBE-EABC0BC908ED}.Release|x86.Build.0 = Release|Any CPU
		{7B812046-503D-4775-8164-5B7C8B1F0E31}.Debug|Any CPU.ActiveCfg = Debug|Any CPU
		{7B812046-503D-4775-8164-5B7C8B1F0E31}.Debug|Any CPU.Build.0 = Debug|Any CPU
		{7B812046-503D-4775-8164-5B7C8B1F0E31}.Debug|x64.ActiveCfg = Debug|Any CPU
		{7B812046-503D-4775-8164-5B7C8B1F0E31}.Debug|x64.Build.0 = Debug|Any CPU
		{7B812046-503D-4775-8164-5B7C8B1F0E31}.Debug|x86.ActiveCfg = Debug|Any CPU
		{7B812046-503D-4775-8164-5B7C8B1F0E31}.Debug|x86.Build.0 = Debug|Any CPU
		{7B812046-503D-4775-8164-5B7C8B1F0E31}.Release|Any CPU.ActiveCfg = Release|Any CPU
		{7B812046-503D-4775-8164-5B7C8B1F0E31}.Release|Any CPU.Build.0 = Release|Any CPU
		{7B812046-503D-4775-8164-5B7C8B1F0E31}.Release|x64.ActiveCfg = Release|Any CPU
		{7B812046-503D-4775-8164-5B7C8B1F0E31}.Release|x64.Build.0 = Release|Any CPU
		{7B812046-503D-4775-8164-5B7C8B1F0E31}.Release|x86.ActiveCfg = Release|Any CPU
		{7B812046-503D-4775-8164-5B7C8B1F0E31}.Release|x86.Build.0 = Release|Any CPU
		{2056B016-E6A4-49F9-8797-3AEA77B8BA9F}.Debug|Any CPU.ActiveCfg = Debug|Any CPU
		{2056B016-E6A4-49F9-8797-3AEA77B8BA9F}.Debug|Any CPU.Build.0 = Debug|Any CPU
		{2056B016-E6A4-49F9-8797-3AEA77B8BA9F}.Debug|x64.ActiveCfg = Debug|Any CPU
		{2056B016-E6A4-49F9-8797-3AEA77B8BA9F}.Debug|x64.Build.0 = Debug|Any CPU
		{2056B016-E6A4-49F9-8797-3AEA77B8BA9F}.Debug|x86.ActiveCfg = Debug|Any CPU
		{2056B016-E6A4-49F9-8797-3AEA77B8BA9F}.Debug|x86.Build.0 = Debug|Any CPU
		{2056B016-E6A4-49F9-8797-3AEA77B8BA9F}.Release|Any CPU.ActiveCfg = Release|Any CPU
		{2056B016-E6A4-49F9-8797-3AEA77B8BA9F}.Release|Any CPU.Build.0 = Release|Any CPU
		{2056B016-E6A4-49F9-8797-3AEA77B8BA9F}.Release|x64.ActiveCfg = Release|Any CPU
		{2056B016-E6A4-49F9-8797-3AEA77B8BA9F}.Release|x64.Build.0 = Release|Any CPU
		{2056B016-E6A4-49F9-8797-3AEA77B8BA9F}.Release|x86.ActiveCfg = Release|Any CPU
		{2056B016-E6A4-49F9-8797-3AEA77B8BA9F}.Release|x86.Build.0 = Release|Any CPU
		{705C4D30-EEFE-427D-A220-EF57DFD547B8}.Debug|Any CPU.ActiveCfg = Debug|Any CPU
		{705C4D30-EEFE-427D-A220-EF57DFD547B8}.Debug|Any CPU.Build.0 = Debug|Any CPU
		{705C4D30-EEFE-427D-A220-EF57DFD547B8}.Debug|x64.ActiveCfg = Debug|Any CPU
		{705C4D30-EEFE-427D-A220-EF57DFD547B8}.Debug|x64.Build.0 = Debug|Any CPU
		{705C4D30-EEFE-427D-A220-EF57DFD547B8}.Debug|x86.ActiveCfg = Debug|Any CPU
		{705C4D30-EEFE-427D-A220-EF57DFD547B8}.Debug|x86.Build.0 = Debug|Any CPU
		{705C4D30-EEFE-427D-A220-EF57DFD547B8}.Release|Any CPU.ActiveCfg = Release|Any CPU
		{705C4D30-EEFE-427D-A220-EF57DFD547B8}.Release|Any CPU.Build.0 = Release|Any CPU
		{705C4D30-EEFE-427D-A220-EF57DFD547B8}.Release|x64.ActiveCfg = Release|Any CPU
		{705C4D30-EEFE-427D-A220-EF57DFD547B8}.Release|x64.Build.0 = Release|Any CPU
		{705C4D30-EEFE-427D-A220-EF57DFD547B8}.Release|x86.ActiveCfg = Release|Any CPU
		{705C4D30-EEFE-427D-A220-EF57DFD547B8}.Release|x86.Build.0 = Release|Any CPU
		{344E2917-4EA1-410D-8B47-3C5CE7979AF9}.Debug|Any CPU.ActiveCfg = Debug|Any CPU
		{344E2917-4EA1-410D-8B47-3C5CE7979AF9}.Debug|Any CPU.Build.0 = Debug|Any CPU
		{344E2917-4EA1-410D-8B47-3C5CE7979AF9}.Debug|x64.ActiveCfg = Debug|Any CPU
		{344E2917-4EA1-410D-8B47-3C5CE7979AF9}.Debug|x64.Build.0 = Debug|Any CPU
		{344E2917-4EA1-410D-8B47-3C5CE7979AF9}.Debug|x86.ActiveCfg = Debug|Any CPU
		{344E2917-4EA1-410D-8B47-3C5CE7979AF9}.Debug|x86.Build.0 = Debug|Any CPU
		{344E2917-4EA1-410D-8B47-3C5CE7979AF9}.Release|Any CPU.ActiveCfg = Release|Any CPU
		{344E2917-4EA1-410D-8B47-3C5CE7979AF9}.Release|Any CPU.Build.0 = Release|Any CPU
		{344E2917-4EA1-410D-8B47-3C5CE7979AF9}.Release|x64.ActiveCfg = Release|Any CPU
		{344E2917-4EA1-410D-8B47-3C5CE7979AF9}.Release|x64.Build.0 = Release|Any CPU
		{344E2917-4EA1-410D-8B47-3C5CE7979AF9}.Release|x86.ActiveCfg = Release|Any CPU
		{344E2917-4EA1-410D-8B47-3C5CE7979AF9}.Release|x86.Build.0 = Release|Any CPU
		{7FA3FA92-E854-4392-BDF4-097FC70A099E}.Debug|Any CPU.ActiveCfg = Debug|Any CPU
		{7FA3FA92-E854-4392-BDF4-097FC70A099E}.Debug|Any CPU.Build.0 = Debug|Any CPU
		{7FA3FA92-E854-4392-BDF4-097FC70A099E}.Debug|x64.ActiveCfg = Debug|Any CPU
		{7FA3FA92-E854-4392-BDF4-097FC70A099E}.Debug|x64.Build.0 = Debug|Any CPU
		{7FA3FA92-E854-4392-BDF4-097FC70A099E}.Debug|x86.ActiveCfg = Debug|Any CPU
		{7FA3FA92-E854-4392-BDF4-097FC70A099E}.Debug|x86.Build.0 = Debug|Any CPU
		{7FA3FA92-E854-4392-BDF4-097FC70A099E}.Release|Any CPU.ActiveCfg = Release|Any CPU
		{7FA3FA92-E854-4392-BDF4-097FC70A099E}.Release|Any CPU.Build.0 = Release|Any CPU
		{7FA3FA92-E854-4392-BDF4-097FC70A099E}.Release|x64.ActiveCfg = Release|Any CPU
		{7FA3FA92-E854-4392-BDF4-097FC70A099E}.Release|x64.Build.0 = Release|Any CPU
		{7FA3FA92-E854-4392-BDF4-097FC70A099E}.Release|x86.ActiveCfg = Release|Any CPU
		{7FA3FA92-E854-4392-BDF4-097FC70A099E}.Release|x86.Build.0 = Release|Any CPU
		{0F5A66C1-E2DD-43DF-96CA-20259AFB393C}.Debug|Any CPU.ActiveCfg = Debug|Any CPU
		{0F5A66C1-E2DD-43DF-96CA-20259AFB393C}.Debug|Any CPU.Build.0 = Debug|Any CPU
		{0F5A66C1-E2DD-43DF-96CA-20259AFB393C}.Debug|x64.ActiveCfg = Debug|Any CPU
		{0F5A66C1-E2DD-43DF-96CA-20259AFB393C}.Debug|x64.Build.0 = Debug|Any CPU
		{0F5A66C1-E2DD-43DF-96CA-20259AFB393C}.Debug|x86.ActiveCfg = Debug|Any CPU
		{0F5A66C1-E2DD-43DF-96CA-20259AFB393C}.Debug|x86.Build.0 = Debug|Any CPU
		{0F5A66C1-E2DD-43DF-96CA-20259AFB393C}.Release|Any CPU.ActiveCfg = Release|Any CPU
		{0F5A66C1-E2DD-43DF-96CA-20259AFB393C}.Release|Any CPU.Build.0 = Release|Any CPU
		{0F5A66C1-E2DD-43DF-96CA-20259AFB393C}.Release|x64.ActiveCfg = Release|Any CPU
		{0F5A66C1-E2DD-43DF-96CA-20259AFB393C}.Release|x64.Build.0 = Release|Any CPU
		{0F5A66C1-E2DD-43DF-96CA-20259AFB393C}.Release|x86.ActiveCfg = Release|Any CPU
		{0F5A66C1-E2DD-43DF-96CA-20259AFB393C}.Release|x86.Build.0 = Release|Any CPU
		{61BE787F-DCC4-44D3-B3D9-D4308C7E13D9}.Debug|Any CPU.ActiveCfg = Debug|Any CPU
		{61BE787F-DCC4-44D3-B3D9-D4308C7E13D9}.Debug|Any CPU.Build.0 = Debug|Any CPU
		{61BE787F-DCC4-44D3-B3D9-D4308C7E13D9}.Debug|x64.ActiveCfg = Debug|Any CPU
		{61BE787F-DCC4-44D3-B3D9-D4308C7E13D9}.Debug|x64.Build.0 = Debug|Any CPU
		{61BE787F-DCC4-44D3-B3D9-D4308C7E13D9}.Debug|x86.ActiveCfg = Debug|Any CPU
		{61BE787F-DCC4-44D3-B3D9-D4308C7E13D9}.Debug|x86.Build.0 = Debug|Any CPU
		{61BE787F-DCC4-44D3-B3D9-D4308C7E13D9}.Release|Any CPU.ActiveCfg = Release|Any CPU
		{61BE787F-DCC4-44D3-B3D9-D4308C7E13D9}.Release|Any CPU.Build.0 = Release|Any CPU
		{61BE787F-DCC4-44D3-B3D9-D4308C7E13D9}.Release|x64.ActiveCfg = Release|Any CPU
		{61BE787F-DCC4-44D3-B3D9-D4308C7E13D9}.Release|x64.Build.0 = Release|Any CPU
		{61BE787F-DCC4-44D3-B3D9-D4308C7E13D9}.Release|x86.ActiveCfg = Release|Any CPU
		{61BE787F-DCC4-44D3-B3D9-D4308C7E13D9}.Release|x86.Build.0 = Release|Any CPU
		{1FF649C3-61D8-4F11-9795-EB7893D042C1}.Debug|Any CPU.ActiveCfg = Debug|Any CPU
		{1FF649C3-61D8-4F11-9795-EB7893D042C1}.Debug|Any CPU.Build.0 = Debug|Any CPU
		{1FF649C3-61D8-4F11-9795-EB7893D042C1}.Debug|x64.ActiveCfg = Debug|Any CPU
		{1FF649C3-61D8-4F11-9795-EB7893D042C1}.Debug|x64.Build.0 = Debug|Any CPU
		{1FF649C3-61D8-4F11-9795-EB7893D042C1}.Debug|x86.ActiveCfg = Debug|Any CPU
		{1FF649C3-61D8-4F11-9795-EB7893D042C1}.Debug|x86.Build.0 = Debug|Any CPU
		{1FF649C3-61D8-4F11-9795-EB7893D042C1}.Release|Any CPU.ActiveCfg = Release|Any CPU
		{1FF649C3-61D8-4F11-9795-EB7893D042C1}.Release|Any CPU.Build.0 = Release|Any CPU
		{1FF649C3-61D8-4F11-9795-EB7893D042C1}.Release|x64.ActiveCfg = Release|Any CPU
		{1FF649C3-61D8-4F11-9795-EB7893D042C1}.Release|x64.Build.0 = Release|Any CPU
		{1FF649C3-61D8-4F11-9795-EB7893D042C1}.Release|x86.ActiveCfg = Release|Any CPU
		{1FF649C3-61D8-4F11-9795-EB7893D042C1}.Release|x86.Build.0 = Release|Any CPU
		{AAECA72B-7E5E-4DD3-850E-1B1AE0F333C8}.Debug|Any CPU.ActiveCfg = Debug|Any CPU
		{AAECA72B-7E5E-4DD3-850E-1B1AE0F333C8}.Debug|Any CPU.Build.0 = Debug|Any CPU
		{AAECA72B-7E5E-4DD3-850E-1B1AE0F333C8}.Debug|x64.ActiveCfg = Debug|Any CPU
		{AAECA72B-7E5E-4DD3-850E-1B1AE0F333C8}.Debug|x64.Build.0 = Debug|Any CPU
		{AAECA72B-7E5E-4DD3-850E-1B1AE0F333C8}.Debug|x86.ActiveCfg = Debug|Any CPU
		{AAECA72B-7E5E-4DD3-850E-1B1AE0F333C8}.Debug|x86.Build.0 = Debug|Any CPU
		{AAECA72B-7E5E-4DD3-850E-1B1AE0F333C8}.Release|Any CPU.ActiveCfg = Release|Any CPU
		{AAECA72B-7E5E-4DD3-850E-1B1AE0F333C8}.Release|Any CPU.Build.0 = Release|Any CPU
		{AAECA72B-7E5E-4DD3-850E-1B1AE0F333C8}.Release|x64.ActiveCfg = Release|Any CPU
		{AAECA72B-7E5E-4DD3-850E-1B1AE0F333C8}.Release|x64.Build.0 = Release|Any CPU
		{AAECA72B-7E5E-4DD3-850E-1B1AE0F333C8}.Release|x86.ActiveCfg = Release|Any CPU
		{AAECA72B-7E5E-4DD3-850E-1B1AE0F333C8}.Release|x86.Build.0 = Release|Any CPU
		{D59C9F67-85EF-40B1-BD9B-B445B2CBDD8D}.Debug|Any CPU.ActiveCfg = Debug|Any CPU
		{D59C9F67-85EF-40B1-BD9B-B445B2CBDD8D}.Debug|Any CPU.Build.0 = Debug|Any CPU
		{D59C9F67-85EF-40B1-BD9B-B445B2CBDD8D}.Debug|x64.ActiveCfg = Debug|Any CPU
		{D59C9F67-85EF-40B1-BD9B-B445B2CBDD8D}.Debug|x64.Build.0 = Debug|Any CPU
		{D59C9F67-85EF-40B1-BD9B-B445B2CBDD8D}.Debug|x86.ActiveCfg = Debug|Any CPU
		{D59C9F67-85EF-40B1-BD9B-B445B2CBDD8D}.Debug|x86.Build.0 = Debug|Any CPU
		{D59C9F67-85EF-40B1-BD9B-B445B2CBDD8D}.Release|Any CPU.ActiveCfg = Release|Any CPU
		{D59C9F67-85EF-40B1-BD9B-B445B2CBDD8D}.Release|Any CPU.Build.0 = Release|Any CPU
		{D59C9F67-85EF-40B1-BD9B-B445B2CBDD8D}.Release|x64.ActiveCfg = Release|Any CPU
		{D59C9F67-85EF-40B1-BD9B-B445B2CBDD8D}.Release|x64.Build.0 = Release|Any CPU
		{D59C9F67-85EF-40B1-BD9B-B445B2CBDD8D}.Release|x86.ActiveCfg = Release|Any CPU
		{D59C9F67-85EF-40B1-BD9B-B445B2CBDD8D}.Release|x86.Build.0 = Release|Any CPU
		{78450506-6F8F-422F-A52A-ACB66263C0C4}.Debug|Any CPU.ActiveCfg = Debug|Any CPU
		{78450506-6F8F-422F-A52A-ACB66263C0C4}.Debug|Any CPU.Build.0 = Debug|Any CPU
		{78450506-6F8F-422F-A52A-ACB66263C0C4}.Debug|x64.ActiveCfg = Debug|Any CPU
		{78450506-6F8F-422F-A52A-ACB66263C0C4}.Debug|x64.Build.0 = Debug|Any CPU
		{78450506-6F8F-422F-A52A-ACB66263C0C4}.Debug|x86.ActiveCfg = Debug|Any CPU
		{78450506-6F8F-422F-A52A-ACB66263C0C4}.Debug|x86.Build.0 = Debug|Any CPU
		{78450506-6F8F-422F-A52A-ACB66263C0C4}.Release|Any CPU.ActiveCfg = Release|Any CPU
		{78450506-6F8F-422F-A52A-ACB66263C0C4}.Release|Any CPU.Build.0 = Release|Any CPU
		{78450506-6F8F-422F-A52A-ACB66263C0C4}.Release|x64.ActiveCfg = Release|Any CPU
		{78450506-6F8F-422F-A52A-ACB66263C0C4}.Release|x64.Build.0 = Release|Any CPU
		{78450506-6F8F-422F-A52A-ACB66263C0C4}.Release|x86.ActiveCfg = Release|Any CPU
		{78450506-6F8F-422F-A52A-ACB66263C0C4}.Release|x86.Build.0 = Release|Any CPU
		{C758763C-5125-4998-8FAF-83BBCDEC3AF5}.Debug|Any CPU.ActiveCfg = Debug|Any CPU
		{C758763C-5125-4998-8FAF-83BBCDEC3AF5}.Debug|Any CPU.Build.0 = Debug|Any CPU
		{C758763C-5125-4998-8FAF-83BBCDEC3AF5}.Debug|x64.ActiveCfg = Debug|Any CPU
		{C758763C-5125-4998-8FAF-83BBCDEC3AF5}.Debug|x64.Build.0 = Debug|Any CPU
		{C758763C-5125-4998-8FAF-83BBCDEC3AF5}.Debug|x86.ActiveCfg = Debug|Any CPU
		{C758763C-5125-4998-8FAF-83BBCDEC3AF5}.Debug|x86.Build.0 = Debug|Any CPU
		{C758763C-5125-4998-8FAF-83BBCDEC3AF5}.Release|Any CPU.ActiveCfg = Release|Any CPU
		{C758763C-5125-4998-8FAF-83BBCDEC3AF5}.Release|Any CPU.Build.0 = Release|Any CPU
		{C758763C-5125-4998-8FAF-83BBCDEC3AF5}.Release|x64.ActiveCfg = Release|Any CPU
		{C758763C-5125-4998-8FAF-83BBCDEC3AF5}.Release|x64.Build.0 = Release|Any CPU
		{C758763C-5125-4998-8FAF-83BBCDEC3AF5}.Release|x86.ActiveCfg = Release|Any CPU
		{C758763C-5125-4998-8FAF-83BBCDEC3AF5}.Release|x86.Build.0 = Release|Any CPU
		{C906F3A1-AF51-4CD5-952E-0C1E8B851A42}.Debug|Any CPU.ActiveCfg = Debug|Any CPU
		{C906F3A1-AF51-4CD5-952E-0C1E8B851A42}.Debug|Any CPU.Build.0 = Debug|Any CPU
		{C906F3A1-AF51-4CD5-952E-0C1E8B851A42}.Debug|x64.ActiveCfg = Debug|Any CPU
		{C906F3A1-AF51-4CD5-952E-0C1E8B851A42}.Debug|x64.Build.0 = Debug|Any CPU
		{C906F3A1-AF51-4CD5-952E-0C1E8B851A42}.Debug|x86.ActiveCfg = Debug|Any CPU
		{C906F3A1-AF51-4CD5-952E-0C1E8B851A42}.Debug|x86.Build.0 = Debug|Any CPU
		{C906F3A1-AF51-4CD5-952E-0C1E8B851A42}.Release|Any CPU.ActiveCfg = Release|Any CPU
		{C906F3A1-AF51-4CD5-952E-0C1E8B851A42}.Release|Any CPU.Build.0 = Release|Any CPU
		{C906F3A1-AF51-4CD5-952E-0C1E8B851A42}.Release|x64.ActiveCfg = Release|Any CPU
		{C906F3A1-AF51-4CD5-952E-0C1E8B851A42}.Release|x64.Build.0 = Release|Any CPU
		{C906F3A1-AF51-4CD5-952E-0C1E8B851A42}.Release|x86.ActiveCfg = Release|Any CPU
		{C906F3A1-AF51-4CD5-952E-0C1E8B851A42}.Release|x86.Build.0 = Release|Any CPU
	EndGlobalSection
	GlobalSection(SolutionProperties) = preSolution
		HideSolutionNode = FALSE
	EndGlobalSection
EndGlobal
